// !$*UTF8*$!
{
	archiveVersion = 1;
	classes = {
	};
	objectVersion = 46;
	objects = {

/* Begin PBXBuildFile section */
		4D25D8621C0D59AE00D7C584 /* AppDelegate.swift in Sources */ = {isa = PBXBuildFile; fileRef = 4D25D8611C0D59AE00D7C584 /* AppDelegate.swift */; };
		4D25D8671C0D59AE00D7C584 /* Main.storyboard in Resources */ = {isa = PBXBuildFile; fileRef = 4D25D8651C0D59AE00D7C584 /* Main.storyboard */; };
		4D25D8691C0D59AE00D7C584 /* Assets.xcassets in Resources */ = {isa = PBXBuildFile; fileRef = 4D25D8681C0D59AE00D7C584 /* Assets.xcassets */; };
		4D25D86C1C0D59AE00D7C584 /* LaunchScreen.storyboard in Resources */ = {isa = PBXBuildFile; fileRef = 4D25D86A1C0D59AE00D7C584 /* LaunchScreen.storyboard */; };
		4D25D8771C0D59AE00D7C584 /* ExampleTests.swift in Sources */ = {isa = PBXBuildFile; fileRef = 4D25D8761C0D59AE00D7C584 /* ExampleTests.swift */; };
		4D25D8821C0D59AE00D7C584 /* ExampleUITests.swift in Sources */ = {isa = PBXBuildFile; fileRef = 4D25D8811C0D59AE00D7C584 /* ExampleUITests.swift */; };
		4D25D8961C0D59C400D7C584 /* FooldView.swift in Sources */ = {isa = PBXBuildFile; fileRef = 4D25D8911C0D59C400D7C584 /* FooldView.swift */; };
		4D25D8971C0D59C400D7C584 /* MenuItem.swift in Sources */ = {isa = PBXBuildFile; fileRef = 4D25D8921C0D59C400D7C584 /* MenuItem.swift */; };
		4D25D8981C0D59C400D7C584 /* MenuView.swift in Sources */ = {isa = PBXBuildFile; fileRef = 4D25D8931C0D59C400D7C584 /* MenuView.swift */; };
		4D25D8991C0D59C400D7C584 /* PageController.swift in Sources */ = {isa = PBXBuildFile; fileRef = 4D25D8941C0D59C400D7C584 /* PageController.swift */; };
		4D25D89A1C0D59C400D7C584 /* ProgressView.swift in Sources */ = {isa = PBXBuildFile; fileRef = 4D25D8951C0D59C400D7C584 /* ProgressView.swift */; };
		4D25D89D1C0D59D300D7C584 /* TableViewController.swift in Sources */ = {isa = PBXBuildFile; fileRef = 4D25D89B1C0D59D300D7C584 /* TableViewController.swift */; };
		4D25D89E1C0D59D300D7C584 /* ViewController.swift in Sources */ = {isa = PBXBuildFile; fileRef = 4D25D89C1C0D59D300D7C584 /* ViewController.swift */; };
/* End PBXBuildFile section */

/* Begin PBXContainerItemProxy section */
		4D25D8731C0D59AE00D7C584 /* PBXContainerItemProxy */ = {
			isa = PBXContainerItemProxy;
			containerPortal = 4D25D8561C0D59AE00D7C584 /* Project object */;
			proxyType = 1;
			remoteGlobalIDString = 4D25D85D1C0D59AE00D7C584;
			remoteInfo = Example;
		};
		4D25D87E1C0D59AE00D7C584 /* PBXContainerItemProxy */ = {
			isa = PBXContainerItemProxy;
			containerPortal = 4D25D8561C0D59AE00D7C584 /* Project object */;
			proxyType = 1;
			remoteGlobalIDString = 4D25D85D1C0D59AE00D7C584;
			remoteInfo = Example;
		};
/* End PBXContainerItemProxy section */

/* Begin PBXFileReference section */
		4D25D85E1C0D59AE00D7C584 /* Example.app */ = {isa = PBXFileReference; explicitFileType = wrapper.application; includeInIndex = 0; path = Example.app; sourceTree = BUILT_PRODUCTS_DIR; };
		4D25D8611C0D59AE00D7C584 /* AppDelegate.swift */ = {isa = PBXFileReference; lastKnownFileType = sourcecode.swift; path = AppDelegate.swift; sourceTree = "<group>"; };
		4D25D8661C0D59AE00D7C584 /* Base */ = {isa = PBXFileReference; lastKnownFileType = file.storyboard; name = Base; path = Base.lproj/Main.storyboard; sourceTree = "<group>"; };
		4D25D8681C0D59AE00D7C584 /* Assets.xcassets */ = {isa = PBXFileReference; lastKnownFileType = folder.assetcatalog; path = Assets.xcassets; sourceTree = "<group>"; };
		4D25D86B1C0D59AE00D7C584 /* Base */ = {isa = PBXFileReference; lastKnownFileType = file.storyboard; name = Base; path = Base.lproj/LaunchScreen.storyboard; sourceTree = "<group>"; };
		4D25D86D1C0D59AE00D7C584 /* Info.plist */ = {isa = PBXFileReference; lastKnownFileType = text.plist.xml; path = Info.plist; sourceTree = "<group>"; };
		4D25D8721C0D59AE00D7C584 /* ExampleTests.xctest */ = {isa = PBXFileReference; explicitFileType = wrapper.cfbundle; includeInIndex = 0; path = ExampleTests.xctest; sourceTree = BUILT_PRODUCTS_DIR; };
		4D25D8761C0D59AE00D7C584 /* ExampleTests.swift */ = {isa = PBXFileReference; lastKnownFileType = sourcecode.swift; path = ExampleTests.swift; sourceTree = "<group>"; };
		4D25D8781C0D59AE00D7C584 /* Info.plist */ = {isa = PBXFileReference; lastKnownFileType = text.plist.xml; path = Info.plist; sourceTree = "<group>"; };
		4D25D87D1C0D59AE00D7C584 /* ExampleUITests.xctest */ = {isa = PBXFileReference; explicitFileType = wrapper.cfbundle; includeInIndex = 0; path = ExampleUITests.xctest; sourceTree = BUILT_PRODUCTS_DIR; };
		4D25D8811C0D59AE00D7C584 /* ExampleUITests.swift */ = {isa = PBXFileReference; lastKnownFileType = sourcecode.swift; path = ExampleUITests.swift; sourceTree = "<group>"; };
		4D25D8831C0D59AE00D7C584 /* Info.plist */ = {isa = PBXFileReference; lastKnownFileType = text.plist.xml; path = Info.plist; sourceTree = "<group>"; };
		4D25D8911C0D59C400D7C584 /* FooldView.swift */ = {isa = PBXFileReference; fileEncoding = 4; lastKnownFileType = sourcecode.swift; path = FooldView.swift; sourceTree = "<group>"; };
		4D25D8921C0D59C400D7C584 /* MenuItem.swift */ = {isa = PBXFileReference; fileEncoding = 4; lastKnownFileType = sourcecode.swift; path = MenuItem.swift; sourceTree = "<group>"; };
		4D25D8931C0D59C400D7C584 /* MenuView.swift */ = {isa = PBXFileReference; fileEncoding = 4; lastKnownFileType = sourcecode.swift; path = MenuView.swift; sourceTree = "<group>"; };
		4D25D8941C0D59C400D7C584 /* PageController.swift */ = {isa = PBXFileReference; fileEncoding = 4; lastKnownFileType = sourcecode.swift; path = PageController.swift; sourceTree = "<group>"; };
		4D25D8951C0D59C400D7C584 /* ProgressView.swift */ = {isa = PBXFileReference; fileEncoding = 4; lastKnownFileType = sourcecode.swift; path = ProgressView.swift; sourceTree = "<group>"; };
		4D25D89B1C0D59D300D7C584 /* TableViewController.swift */ = {isa = PBXFileReference; fileEncoding = 4; lastKnownFileType = sourcecode.swift; path = TableViewController.swift; sourceTree = "<group>"; };
		4D25D89C1C0D59D300D7C584 /* ViewController.swift */ = {isa = PBXFileReference; fileEncoding = 4; lastKnownFileType = sourcecode.swift; path = ViewController.swift; sourceTree = "<group>"; };
/* End PBXFileReference section */

/* Begin PBXFrameworksBuildPhase section */
		4D25D85B1C0D59AE00D7C584 /* Frameworks */ = {
			isa = PBXFrameworksBuildPhase;
			buildActionMask = 2147483647;
			files = (
			);
			runOnlyForDeploymentPostprocessing = 0;
		};
		4D25D86F1C0D59AE00D7C584 /* Frameworks */ = {
			isa = PBXFrameworksBuildPhase;
			buildActionMask = 2147483647;
			files = (
			);
			runOnlyForDeploymentPostprocessing = 0;
		};
		4D25D87A1C0D59AE00D7C584 /* Frameworks */ = {
			isa = PBXFrameworksBuildPhase;
			buildActionMask = 2147483647;
			files = (
			);
			runOnlyForDeploymentPostprocessing = 0;
		};
/* End PBXFrameworksBuildPhase section */

/* Begin PBXGroup section */
		4D25D8551C0D59AE00D7C584 = {
			isa = PBXGroup;
			children = (
				4D25D8601C0D59AE00D7C584 /* Example */,
				4D25D8751C0D59AE00D7C584 /* ExampleTests */,
				4D25D8801C0D59AE00D7C584 /* ExampleUITests */,
				4D25D85F1C0D59AE00D7C584 /* Products */,
			);
			sourceTree = "<group>";
		};
		4D25D85F1C0D59AE00D7C584 /* Products */ = {
			isa = PBXGroup;
			children = (
				4D25D85E1C0D59AE00D7C584 /* Example.app */,
				4D25D8721C0D59AE00D7C584 /* ExampleTests.xctest */,
				4D25D87D1C0D59AE00D7C584 /* ExampleUITests.xctest */,
			);
			name = Products;
			sourceTree = "<group>";
		};
		4D25D8601C0D59AE00D7C584 /* Example */ = {
			isa = PBXGroup;
			children = (
				4D25D8901C0D59C400D7C584 /* PageController */,
				4D25D88F1C0D59B600D7C584 /* Others */,
				4D25D8611C0D59AE00D7C584 /* AppDelegate.swift */,
				4D25D89B1C0D59D300D7C584 /* TableViewController.swift */,
				4D25D89C1C0D59D300D7C584 /* ViewController.swift */,
			);
			path = Example;
			sourceTree = "<group>";
		};
		4D25D8751C0D59AE00D7C584 /* ExampleTests */ = {
			isa = PBXGroup;
			children = (
				4D25D8761C0D59AE00D7C584 /* ExampleTests.swift */,
				4D25D8781C0D59AE00D7C584 /* Info.plist */,
			);
			path = ExampleTests;
			sourceTree = "<group>";
		};
		4D25D8801C0D59AE00D7C584 /* ExampleUITests */ = {
			isa = PBXGroup;
			children = (
				4D25D8811C0D59AE00D7C584 /* ExampleUITests.swift */,
				4D25D8831C0D59AE00D7C584 /* Info.plist */,
			);
			path = ExampleUITests;
			sourceTree = "<group>";
		};
		4D25D88F1C0D59B600D7C584 /* Others */ = {
			isa = PBXGroup;
			children = (
				4D25D8651C0D59AE00D7C584 /* Main.storyboard */,
				4D25D8681C0D59AE00D7C584 /* Assets.xcassets */,
				4D25D86A1C0D59AE00D7C584 /* LaunchScreen.storyboard */,
				4D25D86D1C0D59AE00D7C584 /* Info.plist */,
			);
			name = Others;
			sourceTree = "<group>";
		};
		4D25D8901C0D59C400D7C584 /* PageController */ = {
			isa = PBXGroup;
			children = (
				4D25D8911C0D59C400D7C584 /* FooldView.swift */,
				4D25D8921C0D59C400D7C584 /* MenuItem.swift */,
				4D25D8931C0D59C400D7C584 /* MenuView.swift */,
				4D25D8941C0D59C400D7C584 /* PageController.swift */,
				4D25D8951C0D59C400D7C584 /* ProgressView.swift */,
			);
			name = PageController;
			path = ../../PageController;
			sourceTree = "<group>";
		};
/* End PBXGroup section */

/* Begin PBXNativeTarget section */
		4D25D85D1C0D59AE00D7C584 /* Example */ = {
			isa = PBXNativeTarget;
			buildConfigurationList = 4D25D8861C0D59AE00D7C584 /* Build configuration list for PBXNativeTarget "Example" */;
			buildPhases = (
				4D25D85A1C0D59AE00D7C584 /* Sources */,
				4D25D85B1C0D59AE00D7C584 /* Frameworks */,
				4D25D85C1C0D59AE00D7C584 /* Resources */,
			);
			buildRules = (
			);
			dependencies = (
			);
			name = Example;
			productName = Example;
			productReference = 4D25D85E1C0D59AE00D7C584 /* Example.app */;
			productType = "com.apple.product-type.application";
		};
		4D25D8711C0D59AE00D7C584 /* ExampleTests */ = {
			isa = PBXNativeTarget;
			buildConfigurationList = 4D25D8891C0D59AE00D7C584 /* Build configuration list for PBXNativeTarget "ExampleTests" */;
			buildPhases = (
				4D25D86E1C0D59AE00D7C584 /* Sources */,
				4D25D86F1C0D59AE00D7C584 /* Frameworks */,
				4D25D8701C0D59AE00D7C584 /* Resources */,
			);
			buildRules = (
			);
			dependencies = (
				4D25D8741C0D59AE00D7C584 /* PBXTargetDependency */,
			);
			name = ExampleTests;
			productName = ExampleTests;
			productReference = 4D25D8721C0D59AE00D7C584 /* ExampleTests.xctest */;
			productType = "com.apple.product-type.bundle.unit-test";
		};
		4D25D87C1C0D59AE00D7C584 /* ExampleUITests */ = {
			isa = PBXNativeTarget;
			buildConfigurationList = 4D25D88C1C0D59AE00D7C584 /* Build configuration list for PBXNativeTarget "ExampleUITests" */;
			buildPhases = (
				4D25D8791C0D59AE00D7C584 /* Sources */,
				4D25D87A1C0D59AE00D7C584 /* Frameworks */,
				4D25D87B1C0D59AE00D7C584 /* Resources */,
			);
			buildRules = (
			);
			dependencies = (
				4D25D87F1C0D59AE00D7C584 /* PBXTargetDependency */,
			);
			name = ExampleUITests;
			productName = ExampleUITests;
			productReference = 4D25D87D1C0D59AE00D7C584 /* ExampleUITests.xctest */;
			productType = "com.apple.product-type.bundle.ui-testing";
		};
/* End PBXNativeTarget section */

/* Begin PBXProject section */
		4D25D8561C0D59AE00D7C584 /* Project object */ = {
			isa = PBXProject;
			attributes = {
				LastSwiftUpdateCheck = 0710;
				LastUpgradeCheck = 0710;
				ORGANIZATIONNAME = "Wecan Studio";
				TargetAttributes = {
					4D25D85D1C0D59AE00D7C584 = {
						CreatedOnToolsVersion = 7.1.1;
					};
					4D25D8711C0D59AE00D7C584 = {
						CreatedOnToolsVersion = 7.1.1;
						TestTargetID = 4D25D85D1C0D59AE00D7C584;
					};
					4D25D87C1C0D59AE00D7C584 = {
						CreatedOnToolsVersion = 7.1.1;
						TestTargetID = 4D25D85D1C0D59AE00D7C584;
					};
				};
			};
			buildConfigurationList = 4D25D8591C0D59AE00D7C584 /* Build configuration list for PBXProject "Example" */;
			compatibilityVersion = "Xcode 3.2";
			developmentRegion = English;
			hasScannedForEncodings = 0;
			knownRegions = (
				en,
				Base,
			);
			mainGroup = 4D25D8551C0D59AE00D7C584;
			productRefGroup = 4D25D85F1C0D59AE00D7C584 /* Products */;
			projectDirPath = "";
			projectRoot = "";
			targets = (
				4D25D85D1C0D59AE00D7C584 /* Example */,
				4D25D8711C0D59AE00D7C584 /* ExampleTests */,
				4D25D87C1C0D59AE00D7C584 /* ExampleUITests */,
			);
		};
/* End PBXProject section */

/* Begin PBXResourcesBuildPhase section */
		4D25D85C1C0D59AE00D7C584 /* Resources */ = {
			isa = PBXResourcesBuildPhase;
			buildActionMask = 2147483647;
			files = (
				4D25D86C1C0D59AE00D7C584 /* LaunchScreen.storyboard in Resources */,
				4D25D8691C0D59AE00D7C584 /* Assets.xcassets in Resources */,
				4D25D8671C0D59AE00D7C584 /* Main.storyboard in Resources */,
			);
			runOnlyForDeploymentPostprocessing = 0;
		};
		4D25D8701C0D59AE00D7C584 /* Resources */ = {
			isa = PBXResourcesBuildPhase;
			buildActionMask = 2147483647;
			files = (
			);
			runOnlyForDeploymentPostprocessing = 0;
		};
		4D25D87B1C0D59AE00D7C584 /* Resources */ = {
			isa = PBXResourcesBuildPhase;
			buildActionMask = 2147483647;
			files = (
			);
			runOnlyForDeploymentPostprocessing = 0;
		};
/* End PBXResourcesBuildPhase section */

/* Begin PBXSourcesBuildPhase section */
		4D25D85A1C0D59AE00D7C584 /* Sources */ = {
			isa = PBXSourcesBuildPhase;
			buildActionMask = 2147483647;
			files = (
				4D25D8981C0D59C400D7C584 /* MenuView.swift in Sources */,
				4D25D89D1C0D59D300D7C584 /* TableViewController.swift in Sources */,
				4D25D8991C0D59C400D7C584 /* PageController.swift in Sources */,
				4D25D8971C0D59C400D7C584 /* MenuItem.swift in Sources */,
				4D25D89A1C0D59C400D7C584 /* ProgressView.swift in Sources */,
				4D25D8961C0D59C400D7C584 /* FooldView.swift in Sources */,
				4D25D89E1C0D59D300D7C584 /* ViewController.swift in Sources */,
				4D25D8621C0D59AE00D7C584 /* AppDelegate.swift in Sources */,
			);
			runOnlyForDeploymentPostprocessing = 0;
		};
		4D25D86E1C0D59AE00D7C584 /* Sources */ = {
			isa = PBXSourcesBuildPhase;
			buildActionMask = 2147483647;
			files = (
				4D25D8771C0D59AE00D7C584 /* ExampleTests.swift in Sources */,
			);
			runOnlyForDeploymentPostprocessing = 0;
		};
		4D25D8791C0D59AE00D7C584 /* Sources */ = {
			isa = PBXSourcesBuildPhase;
			buildActionMask = 2147483647;
			files = (
				4D25D8821C0D59AE00D7C584 /* ExampleUITests.swift in Sources */,
			);
			runOnlyForDeploymentPostprocessing = 0;
		};
/* End PBXSourcesBuildPhase section */

/* Begin PBXTargetDependency section */
		4D25D8741C0D59AE00D7C584 /* PBXTargetDependency */ = {
			isa = PBXTargetDependency;
			target = 4D25D85D1C0D59AE00D7C584 /* Example */;
			targetProxy = 4D25D8731C0D59AE00D7C584 /* PBXContainerItemProxy */;
		};
		4D25D87F1C0D59AE00D7C584 /* PBXTargetDependency */ = {
			isa = PBXTargetDependency;
			target = 4D25D85D1C0D59AE00D7C584 /* Example */;
			targetProxy = 4D25D87E1C0D59AE00D7C584 /* PBXContainerItemProxy */;
		};
/* End PBXTargetDependency section */

/* Begin PBXVariantGroup section */
		4D25D8651C0D59AE00D7C584 /* Main.storyboard */ = {
			isa = PBXVariantGroup;
			children = (
				4D25D8661C0D59AE00D7C584 /* Base */,
			);
			name = Main.storyboard;
			sourceTree = "<group>";
		};
		4D25D86A1C0D59AE00D7C584 /* LaunchScreen.storyboard */ = {
			isa = PBXVariantGroup;
			children = (
				4D25D86B1C0D59AE00D7C584 /* Base */,
			);
			name = LaunchScreen.storyboard;
			sourceTree = "<group>";
		};
/* End PBXVariantGroup section */

/* Begin XCBuildConfiguration section */
		4D25D8841C0D59AE00D7C584 /* Debug */ = {
			isa = XCBuildConfiguration;
			buildSettings = {
				ALWAYS_SEARCH_USER_PATHS = NO;
				CLANG_CXX_LANGUAGE_STANDARD = "gnu++0x";
				CLANG_CXX_LIBRARY = "libc++";
				CLANG_ENABLE_MODULES = YES;
				CLANG_ENABLE_OBJC_ARC = YES;
				CLANG_WARN_BOOL_CONVERSION = YES;
				CLANG_WARN_CONSTANT_CONVERSION = YES;
				CLANG_WARN_DIRECT_OBJC_ISA_USAGE = YES_ERROR;
				CLANG_WARN_EMPTY_BODY = YES;
				CLANG_WARN_ENUM_CONVERSION = YES;
				CLANG_WARN_INT_CONVERSION = YES;
				CLANG_WARN_OBJC_ROOT_CLASS = YES_ERROR;
				CLANG_WARN_UNREACHABLE_CODE = YES;
				CLANG_WARN__DUPLICATE_METHOD_MATCH = YES;
				"CODE_SIGN_IDENTITY[sdk=iphoneos*]" = "iPhone Developer";
				COPY_PHASE_STRIP = NO;
				DEBUG_INFORMATION_FORMAT = dwarf;
				ENABLE_STRICT_OBJC_MSGSEND = YES;
				ENABLE_TESTABILITY = YES;
				GCC_C_LANGUAGE_STANDARD = gnu99;
				GCC_DYNAMIC_NO_PIC = NO;
				GCC_NO_COMMON_BLOCKS = YES;
				GCC_OPTIMIZATION_LEVEL = 0;
				GCC_PREPROCESSOR_DEFINITIONS = (
					"DEBUG=1",
					"$(inherited)",
				);
				GCC_WARN_64_TO_32_BIT_CONVERSION = YES;
				GCC_WARN_ABOUT_RETURN_TYPE = YES_ERROR;
				GCC_WARN_UNDECLARED_SELECTOR = YES;
				GCC_WARN_UNINITIALIZED_AUTOS = YES_AGGRESSIVE;
				GCC_WARN_UNUSED_FUNCTION = YES;
				GCC_WARN_UNUSED_VARIABLE = YES;
				IPHONEOS_DEPLOYMENT_TARGET = 9.1;
				MTL_ENABLE_DEBUG_INFO = YES;
				ONLY_ACTIVE_ARCH = YES;
				SDKROOT = iphoneos;
				SWIFT_OPTIMIZATION_LEVEL = "-Onone";
			};
			name = Debug;
		};
		4D25D8851C0D59AE00D7C584 /* Release */ = {
			isa = XCBuildConfiguration;
			buildSettings = {
				ALWAYS_SEARCH_USER_PATHS = NO;
				CLANG_CXX_LANGUAGE_STANDARD = "gnu++0x";
				CLANG_CXX_LIBRARY = "libc++";
				CLANG_ENABLE_MODULES = YES;
				CLANG_ENABLE_OBJC_ARC = YES;
				CLANG_WARN_BOOL_CONVERSION = YES;
				CLANG_WARN_CONSTANT_CONVERSION = YES;
				CLANG_WARN_DIRECT_OBJC_ISA_USAGE = YES_ERROR;
				CLANG_WARN_EMPTY_BODY = YES;
				CLANG_WARN_ENUM_CONVERSION = YES;
				CLANG_WARN_INT_CONVERSION = YES;
				CLANG_WARN_OBJC_ROOT_CLASS = YES_ERROR;
				CLANG_WARN_UNREACHABLE_CODE = YES;
				CLANG_WARN__DUPLICATE_METHOD_MATCH = YES;
				"CODE_SIGN_IDENTITY[sdk=iphoneos*]" = "iPhone Developer";
				COPY_PHASE_STRIP = NO;
				DEBUG_INFORMATION_FORMAT = "dwarf-with-dsym";
				ENABLE_NS_ASSERTIONS = NO;
				ENABLE_STRICT_OBJC_MSGSEND = YES;
				GCC_C_LANGUAGE_STANDARD = gnu99;
				GCC_NO_COMMON_BLOCKS = YES;
				GCC_WARN_64_TO_32_BIT_CONVERSION = YES;
				GCC_WARN_ABOUT_RETURN_TYPE = YES_ERROR;
				GCC_WARN_UNDECLARED_SELECTOR = YES;
				GCC_WARN_UNINITIALIZED_AUTOS = YES_AGGRESSIVE;
				GCC_WARN_UNUSED_FUNCTION = YES;
				GCC_WARN_UNUSED_VARIABLE = YES;
				IPHONEOS_DEPLOYMENT_TARGET = 9.1;
				MTL_ENABLE_DEBUG_INFO = NO;
				SDKROOT = iphoneos;
				VALIDATE_PRODUCT = YES;
			};
			name = Release;
		};
		4D25D8871C0D59AE00D7C584 /* Debug */ = {
			isa = XCBuildConfiguration;
			buildSettings = {
				ASSETCATALOG_COMPILER_APPICON_NAME = AppIcon;
				INFOPLIST_FILE = Example/Info.plist;
				LD_RUNPATH_SEARCH_PATHS = "$(inherited) @executable_path/Frameworks";
				PRODUCT_BUNDLE_IDENTIFIER = com.wecan.Example;
				PRODUCT_NAME = "$(TARGET_NAME)";
			};
			name = Debug;
		};
		4D25D8881C0D59AE00D7C584 /* Release */ = {
			isa = XCBuildConfiguration;
			buildSettings = {
				ASSETCATALOG_COMPILER_APPICON_NAME = AppIcon;
				INFOPLIST_FILE = Example/Info.plist;
				LD_RUNPATH_SEARCH_PATHS = "$(inherited) @executable_path/Frameworks";
				PRODUCT_BUNDLE_IDENTIFIER = com.wecan.Example;
				PRODUCT_NAME = "$(TARGET_NAME)";
			};
			name = Release;
		};
		4D25D88A1C0D59AE00D7C584 /* Debug */ = {
			isa = XCBuildConfiguration;
			buildSettings = {
				BUNDLE_LOADER = "$(TEST_HOST)";
				INFOPLIST_FILE = ExampleTests/Info.plist;
				LD_RUNPATH_SEARCH_PATHS = "$(inherited) @executable_path/Frameworks @loader_path/Frameworks";
				PRODUCT_BUNDLE_IDENTIFIER = com.wecan.ExampleTests;
				PRODUCT_NAME = "$(TARGET_NAME)";
				TEST_HOST = "$(BUILT_PRODUCTS_DIR)/Example.app/Example";
			};
			name = Debug;
		};
		4D25D88B1C0D59AE00D7C584 /* Release */ = {
			isa = XCBuildConfiguration;
			buildSettings = {
				BUNDLE_LOADER = "$(TEST_HOST)";
				INFOPLIST_FILE = ExampleTests/Info.plist;
				LD_RUNPATH_SEARCH_PATHS = "$(inherited) @executable_path/Frameworks @loader_path/Frameworks";
				PRODUCT_BUNDLE_IDENTIFIER = com.wecan.ExampleTests;
				PRODUCT_NAME = "$(TARGET_NAME)";
				TEST_HOST = "$(BUILT_PRODUCTS_DIR)/Example.app/Example";
			};
			name = Release;
		};
		4D25D88D1C0D59AE00D7C584 /* Debug */ = {
			isa = XCBuildConfiguration;
			buildSettings = {
				INFOPLIST_FILE = ExampleUITests/Info.plist;
				LD_RUNPATH_SEARCH_PATHS = "$(inherited) @executable_path/Frameworks @loader_path/Frameworks";
				PRODUCT_BUNDLE_IDENTIFIER = com.wecan.ExampleUITests;
				PRODUCT_NAME = "$(TARGET_NAME)";
				TEST_TARGET_NAME = Example;
				USES_XCTRUNNER = YES;
			};
			name = Debug;
		};
		4D25D88E1C0D59AE00D7C584 /* Release */ = {
			isa = XCBuildConfiguration;
			buildSettings = {
				INFOPLIST_FILE = ExampleUITests/Info.plist;
				LD_RUNPATH_SEARCH_PATHS = "$(inherited) @executable_path/Frameworks @loader_path/Frameworks";
				PRODUCT_BUNDLE_IDENTIFIER = com.wecan.ExampleUITests;
				PRODUCT_NAME = "$(TARGET_NAME)";
				TEST_TARGET_NAME = Example;
				USES_XCTRUNNER = YES;
			};
			name = Release;
		};
/* End XCBuildConfiguration section */

/* Begin XCConfigurationList section */
		4D25D8591C0D59AE00D7C584 /* Build configuration list for PBXProject "Example" */ = {
			isa = XCConfigurationList;
			buildConfigurations = (
				4D25D8841C0D59AE00D7C584 /* Debug */,
				4D25D8851C0D59AE00D7C584 /* Release */,
			);
			defaultConfigurationIsVisible = 0;
			defaultConfigurationName = Release;
		};
		4D25D8861C0D59AE00D7C584 /* Build configuration list for PBXNativeTarget "Example" */ = {
			isa = XCConfigurationList;
			buildConfigurations = (
				4D25D8871C0D59AE00D7C584 /* Debug */,
				4D25D8881C0D59AE00D7C584 /* Release */,
			);
			defaultConfigurationIsVisible = 0;
		};
		4D25D8891C0D59AE00D7C584 /* Build configuration list for PBXNativeTarget "ExampleTests" */ = {
			isa = XCConfigurationList;
			buildConfigurations = (
				4D25D88A1C0D59AE00D7C584 /* Debug */,
				4D25D88B1C0D59AE00D7C584 /* Release */,
			);
			defaultConfigurationIsVisible = 0;
		};
		4D25D88C1C0D59AE00D7C584 /* Build configuration list for PBXNativeTarget "ExampleUITests" */ = {
			isa = XCConfigurationList;
			buildConfigurations = (
				4D25D88D1C0D59AE00D7C584 /* Debug */,
				4D25D88E1C0D59AE00D7C584 /* Release */,
			);
			defaultConfigurationIsVisible = 0;
		};
/* End XCConfigurationList section */
	};
	rootObject = 4D25D8561C0D59AE00D7C584 /* Project object */;
}
